
Microsoft Visual Studio Solution File, Format Version 12.00
# Visual Studio Version 16
VisualStudioVersion = 16.0.29613.14
MinimumVisualStudioVersion = 10.0.40219.1
Project("{8BC9CEB8-8B4A-11D0-8D11-00A0C91BC942}") = "1常量", "1常量\1常量.vcxproj", "{A5B99AB7-3CF5-4C64-8C3E-CED5DA181035}"
EndProject
Project("{8BC9CEB8-8B4A-11D0-8D11-00A0C91BC942}") = "2数据类型", "2数据类型\2数据类型.vcxproj", "{209DB060-2675-424E-98E4-15CBAEE0CBEE}"
EndProject
Project("{8BC9CEB8-8B4A-11D0-8D11-00A0C91BC942}") = "3字符串C-style", "3字符串C-style\3字符串C-style.vcxproj", "{C3A4E28E-2A0A-4F08-85AF-92C365D5344B}"
EndProject
Project("{8BC9CEB8-8B4A-11D0-8D11-00A0C91BC942}") = "4字符串C++string", "4字符串C++string\4字符串C++string.vcxproj", "{F09AE331-4FA0-4BFA-9951-6C05E5BABABD}"
EndProject
Project("{8BC9CEB8-8B4A-11D0-8D11-00A0C91BC942}") = "5运算符", "5运算符\5运算符.vcxproj", "{654C1B3B-1FEC-4BF7-A2C9-C52A7E3274B9}"
EndProject
Project("{8BC9CEB8-8B4A-11D0-8D11-00A0C91BC942}") = "6switchEnum", "6switchEnum\6switchEnum.vcxproj", "{B8708E13-B849-419D-B862-D2D069C0594A}"
EndProject
Project("{8BC9CEB8-8B4A-11D0-8D11-00A0C91BC942}") = "7真伪随机数", "7真伪随机数\7真伪随机数.vcxproj", "{8391D21A-53D5-4CB6-A08B-55AFE9A6E7F6}"
EndProject
Global
	GlobalSection(SolutionConfigurationPlatforms) = preSolution
		Debug|x64 = Debug|x64
		Debug|x86 = Debug|x86
		Release|x64 = Release|x64
		Release|x86 = Release|x86
	EndGlobalSection
	GlobalSection(ProjectConfigurationPlatforms) = postSolution
		{A5B99AB7-3CF5-4C64-8C3E-CED5DA181035}.Debug|x64.ActiveCfg = Debug|x64
		{A5B99AB7-3CF5-4C64-8C3E-CED5DA181035}.Debug|x64.Build.0 = Debug|x64
		{A5B99AB7-3CF5-4C64-8C3E-CED5DA181035}.Debug|x86.ActiveCfg = Debug|Win32
		{A5B99AB7-3CF5-4C64-8C3E-CED5DA181035}.Debug|x86.Build.0 = Debug|Win32
		{A5B99AB7-3CF5-4C64-8C3E-CED5DA181035}.Release|x64.ActiveCfg = Release|x64
		{A5B99AB7-3CF5-4C64-8C3E-CED5DA181035}.Release|x64.Build.0 = Release|x64
		{A5B99AB7-3CF5-4C64-8C3E-CED5DA181035}.Release|x86.ActiveCfg = Release|Win32
		{A5B99AB7-3CF5-4C64-8C3E-CED5DA181035}.Release|x86.Build.0 = Release|Win32
		{209DB060-2675-424E-98E4-15CBAEE0CBEE}.Debug|x64.ActiveCfg = Debug|x64
		{209DB060-2675-424E-98E4-15CBAEE0CBEE}.Debug|x64.Build.0 = Debug|x64
		{209DB060-2675-424E-98E4-15CBAEE0CBEE}.Debug|x86.ActiveCfg = Debug|Win32
		{209DB060-2675-424E-98E4-15CBAEE0CBEE}.Debug|x86.Build.0 = Debug|Win32
		{209DB060-2675-424E-98E4-15CBAEE0CBEE}.Release|x64.ActiveCfg = Release|x64
		{209DB060-2675-424E-98E4-15CBAEE0CBEE}.Release|x64.Build.0 = Release|x64
		{209DB060-2675-424E-98E4-15CBAEE0CBEE}.Release|x86.ActiveCfg = Release|Win32
		{209DB060-2675-424E-98E4-15CBAEE0CBEE}.Release|x86.Build.0 = Release|Win32
		{C3A4E28E-2A0A-4F08-85AF-92C365D5344B}.Debug|x64.ActiveCfg = Debug|x64
		{C3A4E28E-2A0A-4F08-85AF-92C365D5344B}.Debug|x64.Build.0 = Debug|x64
		{C3A4E28E-2A0A-4F08-85AF-92C365D5344B}.Debug|x86.ActiveCfg = Debug|Win32
		{C3A4E28E-2A0A-4F08-85AF-92C365D5344B}.Debug|x86.Build.0 = Debug|Win32
		{C3A4E28E-2A0A-4F08-85AF-92C365D5344B}.Release|x64.ActiveCfg = Release|x64
		{C3A4E28E-2A0A-4F08-85AF-92C365D5344B}.Release|x64.Build.0 = Release|x64
		{C3A4E28E-2A0A-4F08-85AF-92C365D5344B}.Release|x86.ActiveCfg = Release|Win32
		{C3A4E28E-2A0A-4F08-85AF-92C365D5344B}.Release|x86.Build.0 = Release|Win32
		{F09AE331-4FA0-4BFA-9951-6C05E5BABABD}.Debug|x64.ActiveCfg = Debug|x64
		{F09AE331-4FA0-4BFA-9951-6C05E5BABABD}.Debug|x64.Build.0 = Debug|x64
		{F09AE331-4FA0-4BFA-9951-6C05E5BABABD}.Debug|x86.ActiveCfg = Debug|Win32
		{F09AE331-4FA0-4BFA-9951-6C05E5BABABD}.Debug|x86.Build.0 = Debug|Win32
		{F09AE331-4FA0-4BFA-9951-6C05E5BABABD}.Release|x64.ActiveCfg = Release|x64
		{F09AE331-4FA0-4BFA-9951-6C05E5BABABD}.Release|x64.Build.0 = Release|x64
		{F09AE331-4FA0-4BFA-9951-6C05E5BABABD}.Release|x86.ActiveCfg = Release|Win32
		{F09AE331-4FA0-4BFA-9951-6C05E5BABABD}.Release|x86.Build.0 = Release|Win32
		{654C1B3B-1FEC-4BF7-A2C9-C52A7E3274B9}.Debug|x64.ActiveCfg = Debug|x64
		{654C1B3B-1FEC-4BF7-A2C9-C52A7E3274B9}.Debug|x64.Build.0 = Debug|x64
		{654C1B3B-1FEC-4BF7-A2C9-C52A7E3274B9}.Debug|x86.ActiveCfg = Debug|Win32
		{654C1B3B-1FEC-4BF7-A2C9-C52A7E3274B9}.Debug|x86.Build.0 = Debug|Win32
		{654C1B3B-1FEC-4BF7-A2C9-C52A7E3274B9}.Release|x64.ActiveCfg = Release|x64
		{654C1B3B-1FEC-4BF7-A2C9-C52A7E3274B9}.Release|x64.Build.0 = Release|x64
		{654C1B3B-1FEC-4BF7-A2C9-C52A7E3274B9}.Release|x86.ActiveCfg = Release|Win32
		{654C1B3B-1FEC-4BF7-A2C9-C52A7E3274B9}.Release|x86.Build.0 = Release|Win32
		{B8708E13-B849-419D-B862-D2D069C0594A}.Debug|x64.ActiveCfg = Debug|x64
		{B8708E13-B849-419D-B862-D2D069C0594A}.Debug|x64.Build.0 = Debug|x64
		{B8708E13-B849-419D-B862-D2D069C0594A}.Debug|x86.ActiveCfg = Debug|Win32
		{B8708E13-B849-419D-B862-D2D069C0594A}.Debug|x86.Build.0 = Debug|Win32
		{B8708E13-B849-419D-B862-D2D069C0594A}.Release|x64.ActiveCfg = Release|x64
		{B8708E13-B849-419D-B862-D2D069C0594A}.Release|x64.Build.0 = Release|x64
		{B8708E13-B849-419D-B862-D2D069C0594A}.Release|x86.ActiveCfg = Release|Win32
		{B8708E13-B849-419D-B862-D2D069C0594A}.Release|x86.Build.0 = Release|Win32
		{8391D21A-53D5-4CB6-A08B-55AFE9A6E7F6}.Debug|x64.ActiveCfg = Debug|x64
		{8391D21A-53D5-4CB6-A08B-55AFE9A6E7F6}.Debug|x64.Build.0 = Debug|x64
		{8391D21A-53D5-4CB6-A08B-55AFE9A6E7F6}.Debug|x86.ActiveCfg = Debug|Win32
		{8391D21A-53D5-4CB6-A08B-55AFE9A6E7F6}.Debug|x86.Build.0 = Debug|Win32
		{8391D21A-53D5-4CB6-A08B-55AFE9A6E7F6}.Release|x64.ActiveCfg = Release|x64
		{8391D21A-53D5-4CB6-A08B-55AFE9A6E7F6}.Release|x64.Build.0 = Release|x64
		{8391D21A-53D5-4CB6-A08B-55AFE9A6E7F6}.Release|x86.ActiveCfg = Release|Win32
		{8391D21A-53D5-4CB6-A08B-55AFE9A6E7F6}.Release|x86.Build.0 = Release|Win32
	EndGlobalSection
	GlobalSection(SolutionProperties) = preSolution
		HideSolutionNode = FALSE
	EndGlobalSection
	GlobalSection(ExtensibilityGlobals) = postSolution
		SolutionGuid = {EB4E3057-0587-41AD-9D3E-280AED31046C}
	EndGlobalSection
EndGlobal
